
Microsoft Visual Studio Solution File, Format Version 12.00
# Visual Studio Version 17
VisualStudioVersion = 17.3.32901.215
MinimumVisualStudioVersion = 10.0.40219.1
Project("{FAE04EC0-301F-11D3-BF4B-00C04F79EFBC}") = "KJWTMR_SOF_2023241", "KJWTMR_SOF_2023241\KJWTMR_SOF_2023241.csproj", "{AD8B4C7E-4AFA-406E-9014-1957F47C9A7E}"
EndProject
Global
	GlobalSection(SolutionConfigurationPlatforms) = preSolution
		Debug|Any CPU = Debug|Any CPU
		Release|Any CPU = Release|Any CPU
	EndGlobalSection
	GlobalSection(ProjectConfigurationPlatforms) = postSolution
		{AD8B4C7E-4AFA-406E-9014-1957F47C9A7E}.Debug|Any CPU.ActiveCfg = Debug|Any CPU
		{AD8B4C7E-4AFA-406E-9014-1957F47C9A7E}.Debug|Any CPU.Build.0 = Debug|Any CPU
		{AD8B4C7E-4AFA-406E-9014-1957F47C9A7E}.Release|Any CPU.ActiveCfg = Release|Any CPU
		{AD8B4C7E-4AFA-406E-9014-1957F47C9A7E}.Release|Any CPU.Build.0 = Release|Any CPU
	EndGlobalSection
	GlobalSection(SolutionProperties) = preSolution
		HideSolutionNode = FALSE
	EndGlobalSection
	GlobalSection(ExtensibilityGlobals) = postSolution
		SolutionGuid = {A5D111C0-C188-447A-BC60-8456421D0195}
	EndGlobalSection
EndGlobal
